Microsoft Visual Studio Solution File, Format Version 11.00
# Visual Studio 2008

Project("{E381A16A-8ED8-9F44-7CAD-AE001A8F329F}") = "FPacman", "Assembly-CSharp-firstpass.csproj", "{1857B65D-95A1-7E18-DCF0-536D0DF1F731}"
EndProject
Project("{E381A16A-8ED8-9F44-7CAD-AE001A8F329F}") = "FPacman", "Assembly-UnityScript-firstpass.unityproj", "{43BECA05-C5CF-6417-B50D-656B9C3315C9}"
EndProject
Project("{E381A16A-8ED8-9F44-7CAD-AE001A8F329F}") = "FPacman", "Assembly-UnityScript.unityproj", "{4E56BB14-3D5E-80CA-E436-F73001379F21}"
EndProject
Global
	GlobalSection(SolutionConfigurationPlatforms) = preSolution
		Debug|Any CPU = Debug|Any CPU
		Release|Any CPU = Release|Any CPU
	EndGlobalSection
	GlobalSection(ProjectConfigurationPlatforms) = postSolution
		{1857B65D-95A1-7E18-DCF0-536D0DF1F731}.Debug|Any CPU.ActiveCfg = Debug|Any CPU
		{1857B65D-95A1-7E18-DCF0-536D0DF1F731}.Debug|Any CPU.Build.0 = Debug|Any CPU
		{1857B65D-95A1-7E18-DCF0-536D0DF1F731}.Release|Any CPU.ActiveCfg = Release|Any CPU
		{1857B65D-95A1-7E18-DCF0-536D0DF1F731}.Release|Any CPU.Build.0 = Release|Any CPU
		{43BECA05-C5CF-6417-B50D-656B9C3315C9}.Debug|Any CPU.ActiveCfg = Debug|Any CPU
		{43BECA05-C5CF-6417-B50D-656B9C3315C9}.Debug|Any CPU.Build.0 = Debug|Any CPU
		{43BECA05-C5CF-6417-B50D-656B9C3315C9}.Release|Any CPU.ActiveCfg = Release|Any CPU
		{43BECA05-C5CF-6417-B50D-656B9C3315C9}.Release|Any CPU.Build.0 = Release|Any CPU
		{4E56BB14-3D5E-80CA-E436-F73001379F21}.Debug|Any CPU.ActiveCfg = Debug|Any CPU
		{4E56BB14-3D5E-80CA-E436-F73001379F21}.Debug|Any CPU.Build.0 = Debug|Any CPU
		{4E56BB14-3D5E-80CA-E436-F73001379F21}.Release|Any CPU.ActiveCfg = Release|Any CPU
		{4E56BB14-3D5E-80CA-E436-F73001379F21}.Release|Any CPU.Build.0 = Release|Any CPU
	EndGlobalSection
	GlobalSection(SolutionProperties) = preSolution
		HideSolutionNode = FALSE
	EndGlobalSection
																			GlobalSection(MonoDevelopProperties) = preSolution
		StartupItem = Assembly-CSharp.csproj
		Policies = $0
		$0.TextStylePolicy = $1
		$1.inheritsSet = null
		$1.scope = text/x-csharp
		$0.CSharpFormattingPolicy = $2
		$2.inheritsSet = Mono
		$2.inheritsScope = text/x-csharp
		$2.scope = text/x-csharp
		$0.TextStylePolicy = $3
		$3.FileWidth = 120
		$3.TabWidth = 4
		$3.EolMarker = Unix
		$3.inheritsSet = Mono
		$3.inheritsScope = text/plain
		$3.scope = text/plain
	EndGlobalSection

EndGlobal
